// !$*UTF8*$!
{
	archiveVersion = 1;
	classes = {
	};
	objectVersion = 50;
	objects = {

/* Begin PBXBuildFile section */
		1C7843252244B6BB00C60295 /* AppDelegate.m in Sources */ = {isa = PBXBuildFile; fileRef = 1C7843242244B6BB00C60295 /* AppDelegate.m */; };
		1C7843282244B6BB00C60295 /* GoMainViewController.m in Sources */ = {isa = PBXBuildFile; fileRef = 1C7843272244B6BB00C60295 /* GoMainViewController.m */; };
		1C78432B2244B6BB00C60295 /* Main.storyboard in Resources */ = {isa = PBXBuildFile; fileRef = 1C7843292244B6BB00C60295 /* Main.storyboard */; };
		1C78432E2244B6BB00C60295 /* Objective_c_Go.xcdatamodeld in Sources */ = {isa = PBXBuildFile; fileRef = 1C78432C2244B6BB00C60295 /* Objective_c_Go.xcdatamodeld */; };
		1C7843302244B6BE00C60295 /* Assets.xcassets in Resources */ = {isa = PBXBuildFile; fileRef = 1C78432F2244B6BE00C60295 /* Assets.xcassets */; };
		1C7843332244B6BE00C60295 /* LaunchScreen.storyboard in Resources */ = {isa = PBXBuildFile; fileRef = 1C7843312244B6BE00C60295 /* LaunchScreen.storyboard */; };
		1C7843362244B6BE00C60295 /* main.m in Sources */ = {isa = PBXBuildFile; fileRef = 1C7843352244B6BE00C60295 /* main.m */; };
		1C7843402244B6BE00C60295 /* Objective_c_GoTests.m in Sources */ = {isa = PBXBuildFile; fileRef = 1C78433F2244B6BE00C60295 /* Objective_c_GoTests.m */; };
		1C78434B2244B6BE00C60295 /* Objective_c_GoUITests.m in Sources */ = {isa = PBXBuildFile; fileRef = 1C78434A2244B6BE00C60295 /* Objective_c_GoUITests.m */; };
		1C78435E2244C7CE00C60295 /* BaseCollectionViewCell.m in Sources */ = {isa = PBXBuildFile; fileRef = 1C78435D2244C7CE00C60295 /* BaseCollectionViewCell.m */; };
		1C7843612244C7E700C60295 /* BaseTableViewCell.m in Sources */ = {isa = PBXBuildFile; fileRef = 1C7843602244C7E700C60295 /* BaseTableViewCell.m */; };
		1C7843642244C81500C60295 /* GoMainCollectionViewCell.m in Sources */ = {isa = PBXBuildFile; fileRef = 1C7843632244C81500C60295 /* GoMainCollectionViewCell.m */; };
/* End PBXBuildFile section */

/* Begin PBXContainerItemProxy section */
		1C78433C2244B6BE00C60295 /* PBXContainerItemProxy */ = {
			isa = PBXContainerItemProxy;
			containerPortal = 1C7843182244B6BB00C60295 /* Project object */;
			proxyType = 1;
			remoteGlobalIDString = 1C78431F2244B6BB00C60295;
			remoteInfo = "Objective-c-Go";
		};
		1C7843472244B6BE00C60295 /* PBXContainerItemProxy */ = {
			isa = PBXContainerItemProxy;
			containerPortal = 1C7843182244B6BB00C60295 /* Project object */;
			proxyType = 1;
			remoteGlobalIDString = 1C78431F2244B6BB00C60295;
			remoteInfo = "Objective-c-Go";
		};
/* End PBXContainerItemProxy section */

/* Begin PBXFileReference section */
		1C7843202244B6BB00C60295 /* Objective-c-Go.app */ = {isa = PBXFileReference; explicitFileType = wrapper.application; includeInIndex = 0; path = "Objective-c-Go.app"; sourceTree = BUILT_PRODUCTS_DIR; };
		1C7843232244B6BB00C60295 /* AppDelegate.h */ = {isa = PBXFileReference; lastKnownFileType = sourcecode.c.h; path = AppDelegate.h; sourceTree = "<group>"; };
		1C7843242244B6BB00C60295 /* AppDelegate.m */ = {isa = PBXFileReference; lastKnownFileType = sourcecode.c.objc; path = AppDelegate.m; sourceTree = "<group>"; };
		1C7843262244B6BB00C60295 /* GoMainViewController.h */ = {isa = PBXFileReference; lastKnownFileType = sourcecode.c.h; path = GoMainViewController.h; sourceTree = "<group>"; };
		1C7843272244B6BB00C60295 /* GoMainViewController.m */ = {isa = PBXFileReference; lastKnownFileType = sourcecode.c.objc; path = GoMainViewController.m; sourceTree = "<group>"; };
		1C78432A2244B6BB00C60295 /* Base */ = {isa = PBXFileReference; lastKnownFileType = file.storyboard; name = Base; path = Base.lproj/Main.storyboard; sourceTree = "<group>"; };
		1C78432D2244B6BB00C60295 /* Objective_c_Go.xcdatamodel */ = {isa = PBXFileReference; lastKnownFileType = wrapper.xcdatamodel; path = Objective_c_Go.xcdatamodel; sourceTree = "<group>"; };
		1C78432F2244B6BE00C60295 /* Assets.xcassets */ = {isa = PBXFileReference; lastKnownFileType = folder.assetcatalog; path = Assets.xcassets; sourceTree = "<group>"; };
		1C7843322244B6BE00C60295 /* Base */ = {isa = PBXFileReference; lastKnownFileType = file.storyboard; name = Base; path = Base.lproj/LaunchScreen.storyboard; sourceTree = "<group>"; };
		1C7843342244B6BE00C60295 /* Info.plist */ = {isa = PBXFileReference; lastKnownFileType = text.plist.xml; path = Info.plist; sourceTree = "<group>"; };
		1C7843352244B6BE00C60295 /* main.m */ = {isa = PBXFileReference; lastKnownFileType = sourcecode.c.objc; path = main.m; sourceTree = "<group>"; };
		1C78433B2244B6BE00C60295 /* Objective-c-GoTests.xctest */ = {isa = PBXFileReference; explicitFileType = wrapper.cfbundle; includeInIndex = 0; path = "Objective-c-GoTests.xctest"; sourceTree = BUILT_PRODUCTS_DIR; };
		1C78433F2244B6BE00C60295 /* Objective_c_GoTests.m */ = {isa = PBXFileReference; lastKnownFileType = sourcecode.c.objc; path = Objective_c_GoTests.m; sourceTree = "<group>"; };
		1C7843412244B6BE00C60295 /* Info.plist */ = {isa = PBXFileReference; lastKnownFileType = text.plist.xml; path = Info.plist; sourceTree = "<group>"; };
		1C7843462244B6BE00C60295 /* Objective-c-GoUITests.xctest */ = {isa = PBXFileReference; explicitFileType = wrapper.cfbundle; includeInIndex = 0; path = "Objective-c-GoUITests.xctest"; sourceTree = BUILT_PRODUCTS_DIR; };
		1C78434A2244B6BE00C60295 /* Objective_c_GoUITests.m */ = {isa = PBXFileReference; lastKnownFileType = sourcecode.c.objc; path = Objective_c_GoUITests.m; sourceTree = "<group>"; };
		1C78434C2244B6BE00C60295 /* Info.plist */ = {isa = PBXFileReference; lastKnownFileType = text.plist.xml; path = Info.plist; sourceTree = "<group>"; };
		1C78435C2244C7CE00C60295 /* BaseCollectionViewCell.h */ = {isa = PBXFileReference; lastKnownFileType = sourcecode.c.h; path = BaseCollectionViewCell.h; sourceTree = "<group>"; };
		1C78435D2244C7CE00C60295 /* BaseCollectionViewCell.m */ = {isa = PBXFileReference; lastKnownFileType = sourcecode.c.objc; path = BaseCollectionViewCell.m; sourceTree = "<group>"; };
		1C78435F2244C7E700C60295 /* BaseTableViewCell.h */ = {isa = PBXFileReference; lastKnownFileType = sourcecode.c.h; path = BaseTableViewCell.h; sourceTree = "<group>"; };
		1C7843602244C7E700C60295 /* BaseTableViewCell.m */ = {isa = PBXFileReference; lastKnownFileType = sourcecode.c.objc; path = BaseTableViewCell.m; sourceTree = "<group>"; };
		1C7843622244C81500C60295 /* GoMainCollectionViewCell.h */ = {isa = PBXFileReference; lastKnownFileType = sourcecode.c.h; path = GoMainCollectionViewCell.h; sourceTree = "<group>"; };
		1C7843632244C81500C60295 /* GoMainCollectionViewCell.m */ = {isa = PBXFileReference; lastKnownFileType = sourcecode.c.objc; path = GoMainCollectionViewCell.m; sourceTree = "<group>"; };
		1C7843652244D2FB00C60295 /* GoPrefixHeader.pch */ = {isa = PBXFileReference; lastKnownFileType = sourcecode.c.h; path = GoPrefixHeader.pch; sourceTree = "<group>"; };
/* End PBXFileReference section */

/* Begin PBXFrameworksBuildPhase section */
		1C78431D2244B6BB00C60295 /* Frameworks */ = {
			isa = PBXFrameworksBuildPhase;
			buildActionMask = 2147483647;
			files = (
			);
			runOnlyForDeploymentPostprocessing = 0;
		};
		1C7843382244B6BE00C60295 /* Frameworks */ = {
			isa = PBXFrameworksBuildPhase;
			buildActionMask = 2147483647;
			files = (
			);
			runOnlyForDeploymentPostprocessing = 0;
		};
		1C7843432244B6BE00C60295 /* Frameworks */ = {
			isa = PBXFrameworksBuildPhase;
			buildActionMask = 2147483647;
			files = (
			);
			runOnlyForDeploymentPostprocessing = 0;
		};
/* End PBXFrameworksBuildPhase section */

/* Begin PBXGroup section */
		1C7843172244B6BB00C60295 = {
			isa = PBXGroup;
			children = (
				1C7843222244B6BB00C60295 /* Objective-c-Go */,
				1C78433E2244B6BE00C60295 /* Objective-c-GoTests */,
				1C7843492244B6BE00C60295 /* Objective-c-GoUITests */,
				1C7843212244B6BB00C60295 /* Products */,
			);
			sourceTree = "<group>";
		};
		1C7843212244B6BB00C60295 /* Products */ = {
			isa = PBXGroup;
			children = (
				1C7843202244B6BB00C60295 /* Objective-c-Go.app */,
				1C78433B2244B6BE00C60295 /* Objective-c-GoTests.xctest */,
				1C7843462244B6BE00C60295 /* Objective-c-GoUITests.xctest */,
			);
			name = Products;
			sourceTree = "<group>";
		};
		1C7843222244B6BB00C60295 /* Objective-c-Go */ = {
			isa = PBXGroup;
			children = (
				1C78435B2244C7B000C60295 /* Base */,
				1C7843262244B6BB00C60295 /* GoMainViewController.h */,
				1C7843272244B6BB00C60295 /* GoMainViewController.m */,
				1C7843622244C81500C60295 /* GoMainCollectionViewCell.h */,
				1C7843632244C81500C60295 /* GoMainCollectionViewCell.m */,
				1C7843232244B6BB00C60295 /* AppDelegate.h */,
				1C7843242244B6BB00C60295 /* AppDelegate.m */,
				1C7843652244D2FB00C60295 /* GoPrefixHeader.pch */,
				1C7843292244B6BB00C60295 /* Main.storyboard */,
				1C78432F2244B6BE00C60295 /* Assets.xcassets */,
				1C7843312244B6BE00C60295 /* LaunchScreen.storyboard */,
				1C7843342244B6BE00C60295 /* Info.plist */,
				1C7843352244B6BE00C60295 /* main.m */,
				1C78432C2244B6BB00C60295 /* Objective_c_Go.xcdatamodeld */,
			);
			path = "Objective-c-Go";
			sourceTree = "<group>";
		};
		1C78433E2244B6BE00C60295 /* Objective-c-GoTests */ = {
			isa = PBXGroup;
			children = (
				1C78433F2244B6BE00C60295 /* Objective_c_GoTests.m */,
				1C7843412244B6BE00C60295 /* Info.plist */,
			);
			path = "Objective-c-GoTests";
			sourceTree = "<group>";
		};
		1C7843492244B6BE00C60295 /* Objective-c-GoUITests */ = {
			isa = PBXGroup;
			children = (
				1C78434A2244B6BE00C60295 /* Objective_c_GoUITests.m */,
				1C78434C2244B6BE00C60295 /* Info.plist */,
			);
			path = "Objective-c-GoUITests";
			sourceTree = "<group>";
		};
		1C78435B2244C7B000C60295 /* Base */ = {
			isa = PBXGroup;
			children = (
				1C78435C2244C7CE00C60295 /* BaseCollectionViewCell.h */,
				1C78435D2244C7CE00C60295 /* BaseCollectionViewCell.m */,
				1C78435F2244C7E700C60295 /* BaseTableViewCell.h */,
				1C7843602244C7E700C60295 /* BaseTableViewCell.m */,
			);
			path = Base;
			sourceTree = "<group>";
		};
/* End PBXGroup section */

/* Begin PBXNativeTarget section */
		1C78431F2244B6BB00C60295 /* Objective-c-Go */ = {
			isa = PBXNativeTarget;
			buildConfigurationList = 1C78434F2244B6BE00C60295 /* Build configuration list for PBXNativeTarget "Objective-c-Go" */;
			buildPhases = (
				1C78431C2244B6BB00C60295 /* Sources */,
				1C78431D2244B6BB00C60295 /* Frameworks */,
				1C78431E2244B6BB00C60295 /* Resources */,
			);
			buildRules = (
			);
			dependencies = (
			);
			name = "Objective-c-Go";
			productName = "Objective-c-Go";
			productReference = 1C7843202244B6BB00C60295 /* Objective-c-Go.app */;
			productType = "com.apple.product-type.application";
		};
		1C78433A2244B6BE00C60295 /* Objective-c-GoTests */ = {
			isa = PBXNativeTarget;
			buildConfigurationList = 1C7843522244B6BE00C60295 /* Build configuration list for PBXNativeTarget "Objective-c-GoTests" */;
			buildPhases = (
				1C7843372244B6BE00C60295 /* Sources */,
				1C7843382244B6BE00C60295 /* Frameworks */,
				1C7843392244B6BE00C60295 /* Resources */,
			);
			buildRules = (
			);
			dependencies = (
				1C78433D2244B6BE00C60295 /* PBXTargetDependency */,
			);
			name = "Objective-c-GoTests";
			productName = "Objective-c-GoTests";
			productReference = 1C78433B2244B6BE00C60295 /* Objective-c-GoTests.xctest */;
			productType = "com.apple.product-type.bundle.unit-test";
		};
		1C7843452244B6BE00C60295 /* Objective-c-GoUITests */ = {
			isa = PBXNativeTarget;
			buildConfigurationList = 1C7843552244B6BE00C60295 /* Build configuration list for PBXNativeTarget "Objective-c-GoUITests" */;
			buildPhases = (
				1C7843422244B6BE00C60295 /* Sources */,
				1C7843432244B6BE00C60295 /* Frameworks */,
				1C7843442244B6BE00C60295 /* Resources */,
			);
			buildRules = (
			);
			dependencies = (
				1C7843482244B6BE00C60295 /* PBXTargetDependency */,
			);
			name = "Objective-c-GoUITests";
			productName = "Objective-c-GoUITests";
			productReference = 1C7843462244B6BE00C60295 /* Objective-c-GoUITests.xctest */;
			productType = "com.apple.product-type.bundle.ui-testing";
		};
/* End PBXNativeTarget section */

/* Begin PBXProject section */
		1C7843182244B6BB00C60295 /* Project object */ = {
			isa = PBXProject;
			attributes = {
				LastUpgradeCheck = 1010;
				ORGANIZATIONNAME = iOS;
				TargetAttributes = {
					1C78431F2244B6BB00C60295 = {
						CreatedOnToolsVersion = 10.1;
					};
					1C78433A2244B6BE00C60295 = {
						CreatedOnToolsVersion = 10.1;
						TestTargetID = 1C78431F2244B6BB00C60295;
					};
					1C7843452244B6BE00C60295 = {
						CreatedOnToolsVersion = 10.1;
						TestTargetID = 1C78431F2244B6BB00C60295;
					};
				};
			};
			buildConfigurationList = 1C78431B2244B6BB00C60295 /* Build configuration list for PBXProject "Objective-c-Go" */;
			compatibilityVersion = "Xcode 9.3";
			developmentRegion = en;
			hasScannedForEncodings = 0;
			knownRegions = (
				en,
				Base,
			);
			mainGroup = 1C7843172244B6BB00C60295;
			productRefGroup = 1C7843212244B6BB00C60295 /* Products */;
			projectDirPath = "";
			projectRoot = "";
			targets = (
				1C78431F2244B6BB00C60295 /* Objective-c-Go */,
				1C78433A2244B6BE00C60295 /* Objective-c-GoTests */,
				1C7843452244B6BE00C60295 /* Objective-c-GoUITests */,
			);
		};
/* End PBXProject section */

/* Begin PBXResourcesBuildPhase section */
		1C78431E2244B6BB00C60295 /* Resources */ = {
			isa = PBXResourcesBuildPhase;
			buildActionMask = 2147483647;
			files = (
				1C7843332244B6BE00C60295 /* LaunchScreen.storyboard in Resources */,
				1C7843302244B6BE00C60295 /* Assets.xcassets in Resources */,
				1C78432B2244B6BB00C60295 /* Main.storyboard in Resources */,
			);
			runOnlyForDeploymentPostprocessing = 0;
		};
		1C7843392244B6BE00C60295 /* Resources */ = {
			isa = PBXResourcesBuildPhase;
			buildActionMask = 2147483647;
			files = (
			);
			runOnlyForDeploymentPostprocessing = 0;
		};
		1C7843442244B6BE00C60295 /* Resources */ = {
			isa = PBXResourcesBuildPhase;
			buildActionMask = 2147483647;
			files = (
			);
			runOnlyForDeploymentPostprocessing = 0;
		};
/* End PBXResourcesBuildPhase section */

/* Begin PBXSourcesBuildPhase section */
		1C78431C2244B6BB00C60295 /* Sources */ = {
			isa = PBXSourcesBuildPhase;
			buildActionMask = 2147483647;
			files = (
				1C78432E2244B6BB00C60295 /* Objective_c_Go.xcdatamodeld in Sources */,
				1C7843642244C81500C60295 /* GoMainCollectionViewCell.m in Sources */,
				1C78435E2244C7CE00C60295 /* BaseCollectionViewCell.m in Sources */,
				1C7843282244B6BB00C60295 /* GoMainViewController.m in Sources */,
				1C7843362244B6BE00C60295 /* main.m in Sources */,
				1C7843612244C7E700C60295 /* BaseTableViewCell.m in Sources */,
				1C7843252244B6BB00C60295 /* AppDelegate.m in Sources */,
			);
			runOnlyForDeploymentPostprocessing = 0;
		};
		1C7843372244B6BE00C60295 /* Sources */ = {
			isa = PBXSourcesBuildPhase;
			buildActionMask = 2147483647;
			files = (
				1C7843402244B6BE00C60295 /* Objective_c_GoTests.m in Sources */,
			);
			runOnlyForDeploymentPostprocessing = 0;
		};
		1C7843422244B6BE00C60295 /* Sources */ = {
			isa = PBXSourcesBuildPhase;
			buildActionMask = 2147483647;
			files = (
				1C78434B2244B6BE00C60295 /* Objective_c_GoUITests.m in Sources */,
			);
			runOnlyForDeploymentPostprocessing = 0;
		};
/* End PBXSourcesBuildPhase section */

/* Begin PBXTargetDependency section */
		1C78433D2244B6BE00C60295 /* PBXTargetDependency */ = {
			isa = PBXTargetDependency;
			target = 1C78431F2244B6BB00C60295 /* Objective-c-Go */;
			targetProxy = 1C78433C2244B6BE00C60295 /* PBXContainerItemProxy */;
		};
		1C7843482244B6BE00C60295 /* PBXTargetDependency */ = {
			isa = PBXTargetDependency;
			target = 1C78431F2244B6BB00C60295 /* Objective-c-Go */;
			targetProxy = 1C7843472244B6BE00C60295 /* PBXContainerItemProxy */;
		};
/* End PBXTargetDependency section */

/* Begin PBXVariantGroup section */
		1C7843292244B6BB00C60295 /* Main.storyboard */ = {
			isa = PBXVariantGroup;
			children = (
				1C78432A2244B6BB00C60295 /* Base */,
			);
			name = Main.storyboard;
			sourceTree = "<group>";
		};
		1C7843312244B6BE00C60295 /* LaunchScreen.storyboard */ = {
			isa = PBXVariantGroup;
			children = (
				1C7843322244B6BE00C60295 /* Base */,
			);
			name = LaunchScreen.storyboard;
			sourceTree = "<group>";
		};
/* End PBXVariantGroup section */

/* Begin XCBuildConfiguration section */
		1C78434D2244B6BE00C60295 /* Debug */ = {
			isa = XCBuildConfiguration;
			buildSettings = {
				ALWAYS_SEARCH_USER_PATHS = NO;
				CLANG_ANALYZER_NONNULL = YES;
				CLANG_ANALYZER_NUMBER_OBJECT_CONVERSION = YES_AGGRESSIVE;
				CLANG_CXX_LANGUAGE_STANDARD = "gnu++14";
				CLANG_CXX_LIBRARY = "libc++";
				CLANG_ENABLE_MODULES = YES;
				CLANG_ENABLE_OBJC_ARC = YES;
				CLANG_ENABLE_OBJC_WEAK = YES;
				CLANG_WARN_BLOCK_CAPTURE_AUTORELEASING = YES;
				CLANG_WARN_BOOL_CONVERSION = YES;
				CLANG_WARN_COMMA = YES;
				CLANG_WARN_CONSTANT_CONVERSION = YES;
				CLANG_WARN_DEPRECATED_OBJC_IMPLEMENTATIONS = YES;
				CLANG_WARN_DIRECT_OBJC_ISA_USAGE = YES_ERROR;
				CLANG_WARN_DOCUMENTATION_COMMENTS = YES;
				CLANG_WARN_EMPTY_BODY = YES;
				CLANG_WARN_ENUM_CONVERSION = YES;
				CLANG_WARN_INFINITE_RECURSION = YES;
				CLANG_WARN_INT_CONVERSION = YES;
				CLANG_WARN_NON_LITERAL_NULL_CONVERSION = YES;
				CLANG_WARN_OBJC_IMPLICIT_RETAIN_SELF = YES;
				CLANG_WARN_OBJC_LITERAL_CONVERSION = YES;
				CLANG_WARN_OBJC_ROOT_CLASS = YES_ERROR;
				CLANG_WARN_RANGE_LOOP_ANALYSIS = YES;
				CLANG_WARN_STRICT_PROTOTYPES = YES;
				CLANG_WARN_SUSPICIOUS_MOVE = YES;
				CLANG_WARN_UNGUARDED_AVAILABILITY = YES_AGGRESSIVE;
				CLANG_WARN_UNREACHABLE_CODE = YES;
				CLANG_WARN__DUPLICATE_METHOD_MATCH = YES;
				CODE_SIGN_IDENTITY = "iPhone Developer";
				COPY_PHASE_STRIP = NO;
				DEBUG_INFORMATION_FORMAT = dwarf;
				ENABLE_STRICT_OBJC_MSGSEND = YES;
				ENABLE_TESTABILITY = YES;
				GCC_C_LANGUAGE_STANDARD = gnu11;
				GCC_DYNAMIC_NO_PIC = NO;
				GCC_NO_COMMON_BLOCKS = YES;
				GCC_OPTIMIZATION_LEVEL = 0;
				GCC_PREPROCESSOR_DEFINITIONS = (
					"DEBUG=1",
					"$(inherited)",
				);
				GCC_WARN_64_TO_32_BIT_CONVERSION = YES;
				GCC_WARN_ABOUT_RETURN_TYPE = YES_ERROR;
				GCC_WARN_UNDECLARED_SELECTOR = YES;
				GCC_WARN_UNINITIALIZED_AUTOS = YES_AGGRESSIVE;
				GCC_WARN_UNUSED_FUNCTION = YES;
				GCC_WARN_UNUSED_VARIABLE = YES;
				IPHONEOS_DEPLOYMENT_TARGET = 12.1;
				MTL_ENABLE_DEBUG_INFO = INCLUDE_SOURCE;
				MTL_FAST_MATH = YES;
				ONLY_ACTIVE_ARCH = YES;
				SDKROOT = iphoneos;
			};
			name = Debug;
		};
		1C78434E2244B6BE00C60295 /* Release */ = {
			isa = XCBuildConfiguration;
			buildSettings = {
				ALWAYS_SEARCH_USER_PATHS = NO;
				CLANG_ANALYZER_NONNULL = YES;
				CLANG_ANALYZER_NUMBER_OBJECT_CONVERSION = YES_AGGRESSIVE;
				CLANG_CXX_LANGUAGE_STANDARD = "gnu++14";
				CLANG_CXX_LIBRARY = "libc++";
				CLANG_ENABLE_MODULES = YES;
				CLANG_ENABLE_OBJC_ARC = YES;
				CLANG_ENABLE_OBJC_WEAK = YES;
				CLANG_WARN_BLOCK_CAPTURE_AUTORELEASING = YES;
				CLANG_WARN_BOOL_CONVERSION = YES;
				CLANG_WARN_COMMA = YES;
				CLANG_WARN_CONSTANT_CONVERSION = YES;
				CLANG_WARN_DEPRECATED_OBJC_IMPLEMENTATIONS = YES;
				CLANG_WARN_DIRECT_OBJC_ISA_USAGE = YES_ERROR;
				CLANG_WARN_DOCUMENTATION_COMMENTS = YES;
				CLANG_WARN_EMPTY_BODY = YES;
				CLANG_WARN_ENUM_CONVERSION = YES;
				CLANG_WARN_INFINITE_RECURSION = YES;
				CLANG_WARN_INT_CONVERSION = YES;
				CLANG_WARN_NON_LITERAL_NULL_CONVERSION = YES;
				CLANG_WARN_OBJC_IMPLICIT_RETAIN_SELF = YES;
				CLANG_WARN_OBJC_LITERAL_CONVERSION = YES;
				CLANG_WARN_OBJC_ROOT_CLASS = YES_ERROR;
				CLANG_WARN_RANGE_LOOP_ANALYSIS = YES;
				CLANG_WARN_STRICT_PROTOTYPES = YES;
				CLANG_WARN_SUSPICIOUS_MOVE = YES;
				CLANG_WARN_UNGUARDED_AVAILABILITY = YES_AGGRESSIVE;
				CLANG_WARN_UNREACHABLE_CODE = YES;
				CLANG_WARN__DUPLICATE_METHOD_MATCH = YES;
				CODE_SIGN_IDENTITY = "iPhone Developer";
				COPY_PHASE_STRIP = NO;
				DEBUG_INFORMATION_FORMAT = "dwarf-with-dsym";
				ENABLE_NS_ASSERTIONS = NO;
				ENABLE_STRICT_OBJC_MSGSEND = YES;
				GCC_C_LANGUAGE_STANDARD = gnu11;
				GCC_NO_COMMON_BLOCKS = YES;
				GCC_WARN_64_TO_32_BIT_CONVERSION = YES;
				GCC_WARN_ABOUT_RETURN_TYPE = YES_ERROR;
				GCC_WARN_UNDECLARED_SELECTOR = YES;
				GCC_WARN_UNINITIALIZED_AUTOS = YES_AGGRESSIVE;
				GCC_WARN_UNUSED_FUNCTION = YES;
				GCC_WARN_UNUSED_VARIABLE = YES;
				IPHONEOS_DEPLOYMENT_TARGET = 12.1;
				MTL_ENABLE_DEBUG_INFO = NO;
				MTL_FAST_MATH = YES;
				SDKROOT = iphoneos;
				VALIDATE_PRODUCT = YES;
			};
			name = Release;
		};
		1C7843502244B6BE00C60295 /* Debug */ = {
			isa = XCBuildConfiguration;
			buildSettings = {
				ASSETCATALOG_COMPILER_APPICON_NAME = AppIcon;
				CODE_SIGN_STYLE = Automatic;
				DEVELOPMENT_TEAM = 9TR8XAZ6W8;
				GCC_PREFIX_HEADER = "Objective-c-Go/GoPrefixHeader.pch";
				INFOPLIST_FILE = "Objective-c-Go/Info.plist";
				LD_RUNPATH_SEARCH_PATHS = (
					"$(inherited)",
					"@executable_path/Frameworks",
				);
				PRODUCT_BUNDLE_IDENTIFIER = "iOS.Objective-c-Go";
				PRODUCT_NAME = "$(TARGET_NAME)";
				TARGETED_DEVICE_FAMILY = "1,2";
			};
			name = Debug;
		};
		1C7843512244B6BE00C60295 /* Release */ = {
			isa = XCBuildConfiguration;
			buildSettings = {
				ASSETCATALOG_COMPILER_APPICON_NAME = AppIcon;
				CODE_SIGN_STYLE = Automatic;
				DEVELOPMENT_TEAM = 9TR8XAZ6W8;
				GCC_PREFIX_HEADER = "Objective-c-Go/GoPrefixHeader.pch";
				INFOPLIST_FILE = "Objective-c-Go/Info.plist";
				LD_RUNPATH_SEARCH_PATHS = (
					"$(inherited)",
					"@executable_path/Frameworks",
				);
				PRODUCT_BUNDLE_IDENTIFIER = "iOS.Objective-c-Go";
				PRODUCT_NAME = "$(TARGET_NAME)";
				TARGETED_DEVICE_FAMILY = "1,2";
			};
			name = Release;
		};
		1C7843532244B6BE00C60295 /* Debug */ = {
			isa = XCBuildConfiguration;
			buildSettings = {
				BUNDLE_LOADER = "$(TEST_HOST)";
				CODE_SIGN_STYLE = Automatic;
				DEVELOPMENT_TEAM = 9TR8XAZ6W8;
				INFOPLIST_FILE = "Objective-c-GoTests/Info.plist";
				LD_RUNPATH_SEARCH_PATHS = (
					"$(inherited)",
					"@executable_path/Frameworks",
					"@loader_path/Frameworks",
				);
				PRODUCT_BUNDLE_IDENTIFIER = "iOS.Objective-c-GoTests";
				PRODUCT_NAME = "$(TARGET_NAME)";
				TARGETED_DEVICE_FAMILY = "1,2";
				TEST_HOST = "$(BUILT_PRODUCTS_DIR)/Objective-c-Go.app/Objective-c-Go";
			};
			name = Debug;
		};
		1C7843542244B6BE00C60295 /* Release */ = {
			isa = XCBuildConfiguration;
			buildSettings = {
				BUNDLE_LOADER = "$(TEST_HOST)";
				CODE_SIGN_STYLE = Automatic;
				DEVELOPMENT_TEAM = 9TR8XAZ6W8;
				INFOPLIST_FILE = "Objective-c-GoTests/Info.plist";
				LD_RUNPATH_SEARCH_PATHS = (
					"$(inherited)",
					"@executable_path/Frameworks",
					"@loader_path/Frameworks",
				);
				PRODUCT_BUNDLE_IDENTIFIER = "iOS.Objective-c-GoTests";
				PRODUCT_NAME = "$(TARGET_NAME)";
				TARGETED_DEVICE_FAMILY = "1,2";
				TEST_HOST = "$(BUILT_PRODUCTS_DIR)/Objective-c-Go.app/Objective-c-Go";
			};
			name = Release;
		};
		1C7843562244B6BE00C60295 /* Debug */ = {
			isa = XCBuildConfiguration;
			buildSettings = {
				CODE_SIGN_STYLE = Automatic;
				DEVELOPMENT_TEAM = 9TR8XAZ6W8;
				INFOPLIST_FILE = "Objective-c-GoUITests/Info.plist";
				LD_RUNPATH_SEARCH_PATHS = (
					"$(inherited)",
					"@executable_path/Frameworks",
					"@loader_path/Frameworks",
				);
				PRODUCT_BUNDLE_IDENTIFIER = "iOS.Objective-c-GoUITests";
				PRODUCT_NAME = "$(TARGET_NAME)";
				TARGETED_DEVICE_FAMILY = "1,2";
				TEST_TARGET_NAME = "Objective-c-Go";
			};
			name = Debug;
		};
		1C7843572244B6BE00C60295 /* Release */ = {
			isa = XCBuildConfiguration;
			buildSettings = {
				CODE_SIGN_STYLE = Automatic;
				DEVELOPMENT_TEAM = 9TR8XAZ6W8;
				INFOPLIST_FILE = "Objective-c-GoUITests/Info.plist";
				LD_RUNPATH_SEARCH_PATHS = (
					"$(inherited)",
					"@executable_path/Frameworks",
					"@loader_path/Frameworks",
				);
				PRODUCT_BUNDLE_IDENTIFIER = "iOS.Objective-c-GoUITests";
				PRODUCT_NAME = "$(TARGET_NAME)";
				TARGETED_DEVICE_FAMILY = "1,2";
				TEST_TARGET_NAME = "Objective-c-Go";
			};
			name = Release;
		};
/* End XCBuildConfiguration section */

/* Begin XCConfigurationList section */
		1C78431B2244B6BB00C60295 /* Build configuration list for PBXProject "Objective-c-Go" */ = {
			isa = XCConfigurationList;
			buildConfigurations = (
				1C78434D2244B6BE00C60295 /* Debug */,
				1C78434E2244B6BE00C60295 /* Release */,
			);
			defaultConfigurationIsVisible = 0;
			defaultConfigurationName = Release;
		};
		1C78434F2244B6BE00C60295 /* Build configuration list for PBXNativeTarget "Objective-c-Go" */ = {
			isa = XCConfigurationList;
			buildConfigurations = (
				1C7843502244B6BE00C60295 /* Debug */,
				1C7843512244B6BE00C60295 /* Release */,
			);
			defaultConfigurationIsVisible = 0;
			defaultConfigurationName = Release;
		};
		1C7843522244B6BE00C60295 /* Build configuration list for PBXNativeTarget "Objective-c-GoTests" */ = {
			isa = XCConfigurationList;
			buildConfigurations = (
				1C7843532244B6BE00C60295 /* Debug */,
				1C7843542244B6BE00C60295 /* Release */,
			);
			defaultConfigurationIsVisible = 0;
			defaultConfigurationName = Release;
		};
		1C7843552244B6BE00C60295 /* Build configuration list for PBXNativeTarget "Objective-c-GoUITests" */ = {
			isa = XCConfigurationList;
			buildConfigurations = (
				1C7843562244B6BE00C60295 /* Debug */,
				1C7843572244B6BE00C60295 /* Release */,
			);
			defaultConfigurationIsVisible = 0;
			defaultConfigurationName = Release;
		};
/* End XCConfigurationList section */

/* Begin XCVersionGroup section */
		1C78432C2244B6BB00C60295 /* Objective_c_Go.xcdatamodeld */ = {
			isa = XCVersionGroup;
			children = (
				1C78432D2244B6BB00C60295 /* Objective_c_Go.xcdatamodel */,
			);
			currentVersion = 1C78432D2244B6BB00C60295 /* Objective_c_Go.xcdatamodel */;
			path = Objective_c_Go.xcdatamodeld;
			sourceTree = "<group>";
			versionGroupType = wrapper.xcdatamodel;
		};
/* End XCVersionGroup section */
	};
	rootObject = 1C7843182244B6BB00C60295 /* Project object */;
}
